
Microsoft Visual Studio Solution File, Format Version 12.00
# Visual Studio Version 16
VisualStudioVersion = 16.0.30621.155
MinimumVisualStudioVersion = 10.0.40219.1
Project("{FAE04EC0-301F-11D3-BF4B-00C04F79EFBC}") = "QLSV3", "QLSV3\QLSV3.csproj", "{7FCEBFED-EBCA-4178-B00F-E73643159874}"
EndProject
Global
	GlobalSection(SolutionConfigurationPlatforms) = preSolution
		Debug|Any CPU = Debug|Any CPU
		Release|Any CPU = Release|Any CPU
	EndGlobalSection
	GlobalSection(ProjectConfigurationPlatforms) = postSolution
		{7FCEBFED-EBCA-4178-B00F-E73643159874}.Debug|Any CPU.ActiveCfg = Debug|Any CPU
		{7FCEBFED-EBCA-4178-B00F-E73643159874}.Debug|Any CPU.Build.0 = Debug|Any CPU
		{7FCEBFED-EBCA-4178-B00F-E73643159874}.Release|Any CPU.ActiveCfg = Release|Any CPU
		{7FCEBFED-EBCA-4178-B00F-E73643159874}.Release|Any CPU.Build.0 = Release|Any CPU
	EndGlobalSection
	GlobalSection(SolutionProperties) = preSolution
		HideSolutionNode = FALSE
	EndGlobalSection
	GlobalSection(ExtensibilityGlobals) = postSolution
		SolutionGuid = {BE2644EF-CB18-4058-9BF1-467689BFBB3B}
	EndGlobalSection
EndGlobal
